
Microsoft Visual Studio Solution File, Format Version 12.00
# Visual Studio Version 16
VisualStudioVersion = 16.0.30907.101
MinimumVisualStudioVersion = 10.0.40219.1
Project("{FAE04EC0-301F-11D3-BF4B-00C04F79EFBC}") = "Boletim", "Boletim\Boletim.csproj", "{2C1B3132-AA80-4530-B52E-A1AC4A5F520E}"
EndProject
Global
	GlobalSection(SolutionConfigurationPlatforms) = preSolution
		Debug|Any CPU = Debug|Any CPU
		Release|Any CPU = Release|Any CPU
	EndGlobalSection
	GlobalSection(ProjectConfigurationPlatforms) = postSolution
		{2C1B3132-AA80-4530-B52E-A1AC4A5F520E}.Debug|Any CPU.ActiveCfg = Debug|Any CPU
		{2C1B3132-AA80-4530-B52E-A1AC4A5F520E}.Debug|Any CPU.Build.0 = Debug|Any CPU
		{2C1B3132-AA80-4530-B52E-A1AC4A5F520E}.Release|Any CPU.ActiveCfg = Release|Any CPU
		{2C1B3132-AA80-4530-B52E-A1AC4A5F520E}.Release|Any CPU.Build.0 = Release|Any CPU
	EndGlobalSection
	GlobalSection(SolutionProperties) = preSolution
		HideSolutionNode = FALSE
	EndGlobalSection
	GlobalSection(ExtensibilityGlobals) = postSolution
		SolutionGuid = {FBD5A191-FDAD-4550-8626-F683CC20EDBA}
	EndGlobalSection
EndGlobal
